// !$*UTF8*$!
{
	archiveVersion = 1;
	classes = {
	};
	objectVersion = 50;
	objects = {

/* Begin PBXBuildFile section */
		C2969997244E956200CE191F /* AppDelegate.swift in Sources */ = {isa = PBXBuildFile; fileRef = C2969996244E956200CE191F /* AppDelegate.swift */; };
		C2969999244E956200CE191F /* SceneDelegate.swift in Sources */ = {isa = PBXBuildFile; fileRef = C2969998244E956200CE191F /* SceneDelegate.swift */; };
		C296999B244E956200CE191F /* ViewController.swift in Sources */ = {isa = PBXBuildFile; fileRef = C296999A244E956200CE191F /* ViewController.swift */; };
		C296999E244E956200CE191F /* Main.storyboard in Resources */ = {isa = PBXBuildFile; fileRef = C296999C244E956200CE191F /* Main.storyboard */; };
		C29699A0244E956600CE191F /* Assets.xcassets in Resources */ = {isa = PBXBuildFile; fileRef = C296999F244E956600CE191F /* Assets.xcassets */; };
		C29699A3244E956600CE191F /* LaunchScreen.storyboard in Resources */ = {isa = PBXBuildFile; fileRef = C29699A1244E956600CE191F /* LaunchScreen.storyboard */; };
		C29699AE244E956600CE191F /* SideDishTests.swift in Sources */ = {isa = PBXBuildFile; fileRef = C29699AD244E956600CE191F /* SideDishTests.swift */; };
		C2CD5E76244EB6D5000C41B8 /* BorderedLabel.swift in Sources */ = {isa = PBXBuildFile; fileRef = C2CD5E75244EB6D5000C41B8 /* BorderedLabel.swift */; };
		C2CD5E78244EC65A000C41B8 /* RoundImageView.swift in Sources */ = {isa = PBXBuildFile; fileRef = C2CD5E77244EC65A000C41B8 /* RoundImageView.swift */; };
		C2D8E0FF244F301100F4031F /* BadgeStackView.swift in Sources */ = {isa = PBXBuildFile; fileRef = C2D8E0FE244F301100F4031F /* BadgeStackView.swift */; };
		C2E88278244EE65800E2CECA /* SideDishCell.swift in Sources */ = {isa = PBXBuildFile; fileRef = C2E88277244EE65800E2CECA /* SideDishCell.swift */; };
		C2E8827A244EE82F00E2CECA /* SideDishHeaderView.swift in Sources */ = {isa = PBXBuildFile; fileRef = C2E88279244EE82F00E2CECA /* SideDishHeaderView.swift */; };
		C2E88281244F007500E2CECA /* SideDishDataSource.swift in Sources */ = {isa = PBXBuildFile; fileRef = C2E88280244F007500E2CECA /* SideDishDataSource.swift */; };
		C2E88283244F05B600E2CECA /* ReusableView.swift in Sources */ = {isa = PBXBuildFile; fileRef = C2E88282244F05B600E2CECA /* ReusableView.swift */; };
		C2E88286244F06D900E2CECA /* SideDishDelegate.swift in Sources */ = {isa = PBXBuildFile; fileRef = C2E88285244F06D900E2CECA /* SideDishDelegate.swift */; };
/* End PBXBuildFile section */

/* Begin PBXContainerItemProxy section */
		C29699AA244E956600CE191F /* PBXContainerItemProxy */ = {
			isa = PBXContainerItemProxy;
			containerPortal = C296998B244E956200CE191F /* Project object */;
			proxyType = 1;
			remoteGlobalIDString = C2969992244E956200CE191F;
			remoteInfo = SideDish;
		};
/* End PBXContainerItemProxy section */

/* Begin PBXFileReference section */
		C2969993244E956200CE191F /* SideDish.app */ = {isa = PBXFileReference; explicitFileType = wrapper.application; includeInIndex = 0; path = SideDish.app; sourceTree = BUILT_PRODUCTS_DIR; };
		C2969996244E956200CE191F /* AppDelegate.swift */ = {isa = PBXFileReference; lastKnownFileType = sourcecode.swift; path = AppDelegate.swift; sourceTree = "<group>"; };
		C2969998244E956200CE191F /* SceneDelegate.swift */ = {isa = PBXFileReference; lastKnownFileType = sourcecode.swift; path = SceneDelegate.swift; sourceTree = "<group>"; };
		C296999A244E956200CE191F /* ViewController.swift */ = {isa = PBXFileReference; lastKnownFileType = sourcecode.swift; path = ViewController.swift; sourceTree = "<group>"; };
		C296999D244E956200CE191F /* Base */ = {isa = PBXFileReference; lastKnownFileType = file.storyboard; name = Base; path = Base.lproj/Main.storyboard; sourceTree = "<group>"; };
		C296999F244E956600CE191F /* Assets.xcassets */ = {isa = PBXFileReference; lastKnownFileType = folder.assetcatalog; path = Assets.xcassets; sourceTree = "<group>"; };
		C29699A2244E956600CE191F /* Base */ = {isa = PBXFileReference; lastKnownFileType = file.storyboard; name = Base; path = Base.lproj/LaunchScreen.storyboard; sourceTree = "<group>"; };
		C29699A4244E956600CE191F /* Info.plist */ = {isa = PBXFileReference; lastKnownFileType = text.plist.xml; path = Info.plist; sourceTree = "<group>"; };
		C29699A9244E956600CE191F /* SideDishTests.xctest */ = {isa = PBXFileReference; explicitFileType = wrapper.cfbundle; includeInIndex = 0; path = SideDishTests.xctest; sourceTree = BUILT_PRODUCTS_DIR; };
		C29699AD244E956600CE191F /* SideDishTests.swift */ = {isa = PBXFileReference; lastKnownFileType = sourcecode.swift; path = SideDishTests.swift; sourceTree = "<group>"; };
		C29699AF244E956600CE191F /* Info.plist */ = {isa = PBXFileReference; lastKnownFileType = text.plist.xml; path = Info.plist; sourceTree = "<group>"; };
		C2CD5E75244EB6D5000C41B8 /* BorderedLabel.swift */ = {isa = PBXFileReference; lastKnownFileType = sourcecode.swift; path = BorderedLabel.swift; sourceTree = "<group>"; };
		C2CD5E77244EC65A000C41B8 /* RoundImageView.swift */ = {isa = PBXFileReference; lastKnownFileType = sourcecode.swift; path = RoundImageView.swift; sourceTree = "<group>"; };
		C2D8E0FE244F301100F4031F /* BadgeStackView.swift */ = {isa = PBXFileReference; lastKnownFileType = sourcecode.swift; path = BadgeStackView.swift; sourceTree = "<group>"; };
		C2E88277244EE65800E2CECA /* SideDishCell.swift */ = {isa = PBXFileReference; lastKnownFileType = sourcecode.swift; path = SideDishCell.swift; sourceTree = "<group>"; };
		C2E88279244EE82F00E2CECA /* SideDishHeaderView.swift */ = {isa = PBXFileReference; lastKnownFileType = sourcecode.swift; path = SideDishHeaderView.swift; sourceTree = "<group>"; };
		C2E88280244F007500E2CECA /* SideDishDataSource.swift */ = {isa = PBXFileReference; lastKnownFileType = sourcecode.swift; path = SideDishDataSource.swift; sourceTree = "<group>"; };
		C2E88282244F05B600E2CECA /* ReusableView.swift */ = {isa = PBXFileReference; lastKnownFileType = sourcecode.swift; path = ReusableView.swift; sourceTree = "<group>"; };
		C2E88285244F06D900E2CECA /* SideDishDelegate.swift */ = {isa = PBXFileReference; lastKnownFileType = sourcecode.swift; path = SideDishDelegate.swift; sourceTree = "<group>"; };
/* End PBXFileReference section */

/* Begin PBXFrameworksBuildPhase section */
		C2969990244E956200CE191F /* Frameworks */ = {
			isa = PBXFrameworksBuildPhase;
			buildActionMask = 2147483647;
			files = (
			);
			runOnlyForDeploymentPostprocessing = 0;
		};
		C29699A6244E956600CE191F /* Frameworks */ = {
			isa = PBXFrameworksBuildPhase;
			buildActionMask = 2147483647;
			files = (
			);
			runOnlyForDeploymentPostprocessing = 0;
		};
/* End PBXFrameworksBuildPhase section */

/* Begin PBXGroup section */
		C296998A244E956200CE191F = {
			isa = PBXGroup;
			children = (
				C2969995244E956200CE191F /* SideDish */,
				C29699AC244E956600CE191F /* SideDishTests */,
				C2969994244E956200CE191F /* Products */,
			);
			sourceTree = "<group>";
		};
		C2969994244E956200CE191F /* Products */ = {
			isa = PBXGroup;
			children = (
				C2969993244E956200CE191F /* SideDish.app */,
				C29699A9244E956600CE191F /* SideDishTests.xctest */,
			);
			name = Products;
			sourceTree = "<group>";
		};
		C2969995244E956200CE191F /* SideDish */ = {
			isa = PBXGroup;
			children = (
				C2E8827F244F006400E2CECA /* Utils */,
				C2CD5E74244EB68C000C41B8 /* Views */,
				C2E8827E244F005300E2CECA /* DataSources */,
				C2E88284244F06BE00E2CECA /* Delegates */,
				C2969996244E956200CE191F /* AppDelegate.swift */,
				C2969998244E956200CE191F /* SceneDelegate.swift */,
				C296999A244E956200CE191F /* ViewController.swift */,
				C296999C244E956200CE191F /* Main.storyboard */,
				C296999F244E956600CE191F /* Assets.xcassets */,
				C29699A1244E956600CE191F /* LaunchScreen.storyboard */,
				C29699A4244E956600CE191F /* Info.plist */,
			);
			path = SideDish;
			sourceTree = "<group>";
		};
		C29699AC244E956600CE191F /* SideDishTests */ = {
			isa = PBXGroup;
			children = (
				C29699AD244E956600CE191F /* SideDishTests.swift */,
				C29699AF244E956600CE191F /* Info.plist */,
			);
			path = SideDishTests;
			sourceTree = "<group>";
		};
		C2CD5E74244EB68C000C41B8 /* Views */ = {
			isa = PBXGroup;
			children = (
				C2D8E0FB244F2C8100F4031F /* Badges */,
				C2CD5E75244EB6D5000C41B8 /* BorderedLabel.swift */,
				C2CD5E77244EC65A000C41B8 /* RoundImageView.swift */,
				C2E88277244EE65800E2CECA /* SideDishCell.swift */,
				C2E88279244EE82F00E2CECA /* SideDishHeaderView.swift */,
				C2D8E0FE244F301100F4031F /* BadgeStackView.swift */,
			);
			path = Views;
			sourceTree = "<group>";
		};
		C2D8E0FB244F2C8100F4031F /* Badges */ = {
			isa = PBXGroup;
			children = (
			);
			path = Badges;
			sourceTree = "<group>";
		};
		C2E8827E244F005300E2CECA /* DataSources */ = {
			isa = PBXGroup;
			children = (
				C2E88280244F007500E2CECA /* SideDishDataSource.swift */,
			);
			path = DataSources;
			sourceTree = "<group>";
		};
		C2E8827F244F006400E2CECA /* Utils */ = {
			isa = PBXGroup;
			children = (
				C2E88282244F05B600E2CECA /* ReusableView.swift */,
			);
			path = Utils;
			sourceTree = "<group>";
		};
		C2E88284244F06BE00E2CECA /* Delegates */ = {
			isa = PBXGroup;
			children = (
				C2E88285244F06D900E2CECA /* SideDishDelegate.swift */,
			);
			path = Delegates;
			sourceTree = "<group>";
		};
/* End PBXGroup section */

/* Begin PBXNativeTarget section */
		C2969992244E956200CE191F /* SideDish */ = {
			isa = PBXNativeTarget;
			buildConfigurationList = C29699B2244E956600CE191F /* Build configuration list for PBXNativeTarget "SideDish" */;
			buildPhases = (
				C296998F244E956200CE191F /* Sources */,
				C2969990244E956200CE191F /* Frameworks */,
				C2969991244E956200CE191F /* Resources */,
			);
			buildRules = (
			);
			dependencies = (
			);
			name = SideDish;
			productName = SideDish;
			productReference = C2969993244E956200CE191F /* SideDish.app */;
			productType = "com.apple.product-type.application";
		};
		C29699A8244E956600CE191F /* SideDishTests */ = {
			isa = PBXNativeTarget;
			buildConfigurationList = C29699B5244E956600CE191F /* Build configuration list for PBXNativeTarget "SideDishTests" */;
			buildPhases = (
				C29699A5244E956600CE191F /* Sources */,
				C29699A6244E956600CE191F /* Frameworks */,
				C29699A7244E956600CE191F /* Resources */,
			);
			buildRules = (
			);
			dependencies = (
				C29699AB244E956600CE191F /* PBXTargetDependency */,
			);
			name = SideDishTests;
			productName = SideDishTests;
			productReference = C29699A9244E956600CE191F /* SideDishTests.xctest */;
			productType = "com.apple.product-type.bundle.unit-test";
		};
/* End PBXNativeTarget section */

/* Begin PBXProject section */
		C296998B244E956200CE191F /* Project object */ = {
			isa = PBXProject;
			attributes = {
				LastSwiftUpdateCheck = 1130;
				LastUpgradeCheck = 1130;
				ORGANIZATIONNAME = "Chaewan Park";
				TargetAttributes = {
					C2969992244E956200CE191F = {
						CreatedOnToolsVersion = 11.3.1;
					};
					C29699A8244E956600CE191F = {
						CreatedOnToolsVersion = 11.3.1;
						TestTargetID = C2969992244E956200CE191F;
					};
				};
			};
			buildConfigurationList = C296998E244E956200CE191F /* Build configuration list for PBXProject "SideDish" */;
			compatibilityVersion = "Xcode 9.3";
			developmentRegion = en;
			hasScannedForEncodings = 0;
			knownRegions = (
				en,
				Base,
			);
			mainGroup = C296998A244E956200CE191F;
			productRefGroup = C2969994244E956200CE191F /* Products */;
			projectDirPath = "";
			projectRoot = "";
			targets = (
				C2969992244E956200CE191F /* SideDish */,
				C29699A8244E956600CE191F /* SideDishTests */,
			);
		};
/* End PBXProject section */

/* Begin PBXResourcesBuildPhase section */
		C2969991244E956200CE191F /* Resources */ = {
			isa = PBXResourcesBuildPhase;
			buildActionMask = 2147483647;
			files = (
				C29699A3244E956600CE191F /* LaunchScreen.storyboard in Resources */,
				C29699A0244E956600CE191F /* Assets.xcassets in Resources */,
				C296999E244E956200CE191F /* Main.storyboard in Resources */,
			);
			runOnlyForDeploymentPostprocessing = 0;
		};
		C29699A7244E956600CE191F /* Resources */ = {
			isa = PBXResourcesBuildPhase;
			buildActionMask = 2147483647;
			files = (
			);
			runOnlyForDeploymentPostprocessing = 0;
		};
/* End PBXResourcesBuildPhase section */

/* Begin PBXSourcesBuildPhase section */
		C296998F244E956200CE191F /* Sources */ = {
			isa = PBXSourcesBuildPhase;
			buildActionMask = 2147483647;
			files = (
				C2E88283244F05B600E2CECA /* ReusableView.swift in Sources */,
				C2E88286244F06D900E2CECA /* SideDishDelegate.swift in Sources */,
				C2E88281244F007500E2CECA /* SideDishDataSource.swift in Sources */,
				C2CD5E78244EC65A000C41B8 /* RoundImageView.swift in Sources */,
				C2E88278244EE65800E2CECA /* SideDishCell.swift in Sources */,
				C2E8827A244EE82F00E2CECA /* SideDishHeaderView.swift in Sources */,
				C2D8E0FF244F301100F4031F /* BadgeStackView.swift in Sources */,
				C2CD5E76244EB6D5000C41B8 /* BorderedLabel.swift in Sources */,
				C296999B244E956200CE191F /* ViewController.swift in Sources */,
				C2969997244E956200CE191F /* AppDelegate.swift in Sources */,
				C2969999244E956200CE191F /* SceneDelegate.swift in Sources */,
			);
			runOnlyForDeploymentPostprocessing = 0;
		};
		C29699A5244E956600CE191F /* Sources */ = {
			isa = PBXSourcesBuildPhase;
			buildActionMask = 2147483647;
			files = (
				C29699AE244E956600CE191F /* SideDishTests.swift in Sources */,
			);
			runOnlyForDeploymentPostprocessing = 0;
		};
/* End PBXSourcesBuildPhase section */

/* Begin PBXTargetDependency section */
		C29699AB244E956600CE191F /* PBXTargetDependency */ = {
			isa = PBXTargetDependency;
			target = C2969992244E956200CE191F /* SideDish */;
			targetProxy = C29699AA244E956600CE191F /* PBXContainerItemProxy */;
		};
/* End PBXTargetDependency section */

/* Begin PBXVariantGroup section */
		C296999C244E956200CE191F /* Main.storyboard */ = {
			isa = PBXVariantGroup;
			children = (
				C296999D244E956200CE191F /* Base */,
			);
			name = Main.storyboard;
			sourceTree = "<group>";
		};
		C29699A1244E956600CE191F /* LaunchScreen.storyboard */ = {
			isa = PBXVariantGroup;
			children = (
				C29699A2244E956600CE191F /* Base */,
			);
			name = LaunchScreen.storyboard;
			sourceTree = "<group>";
		};
/* End PBXVariantGroup section */

/* Begin XCBuildConfiguration section */
		C29699B0244E956600CE191F /* Debug */ = {
			isa = XCBuildConfiguration;
			buildSettings = {
				ALWAYS_SEARCH_USER_PATHS = NO;
				CLANG_ANALYZER_NONNULL = YES;
				CLANG_ANALYZER_NUMBER_OBJECT_CONVERSION = YES_AGGRESSIVE;
				CLANG_CXX_LANGUAGE_STANDARD = "gnu++14";
				CLANG_CXX_LIBRARY = "libc++";
				CLANG_ENABLE_MODULES = YES;
				CLANG_ENABLE_OBJC_ARC = YES;
				CLANG_ENABLE_OBJC_WEAK = YES;
				CLANG_WARN_BLOCK_CAPTURE_AUTORELEASING = YES;
				CLANG_WARN_BOOL_CONVERSION = YES;
				CLANG_WARN_COMMA = YES;
				CLANG_WARN_CONSTANT_CONVERSION = YES;
				CLANG_WARN_DEPRECATED_OBJC_IMPLEMENTATIONS = YES;
				CLANG_WARN_DIRECT_OBJC_ISA_USAGE = YES_ERROR;
				CLANG_WARN_DOCUMENTATION_COMMENTS = YES;
				CLANG_WARN_EMPTY_BODY = YES;
				CLANG_WARN_ENUM_CONVERSION = YES;
				CLANG_WARN_INFINITE_RECURSION = YES;
				CLANG_WARN_INT_CONVERSION = YES;
				CLANG_WARN_NON_LITERAL_NULL_CONVERSION = YES;
				CLANG_WARN_OBJC_IMPLICIT_RETAIN_SELF = YES;
				CLANG_WARN_OBJC_LITERAL_CONVERSION = YES;
				CLANG_WARN_OBJC_ROOT_CLASS = YES_ERROR;
				CLANG_WARN_RANGE_LOOP_ANALYSIS = YES;
				CLANG_WARN_STRICT_PROTOTYPES = YES;
				CLANG_WARN_SUSPICIOUS_MOVE = YES;
				CLANG_WARN_UNGUARDED_AVAILABILITY = YES_AGGRESSIVE;
				CLANG_WARN_UNREACHABLE_CODE = YES;
				CLANG_WARN__DUPLICATE_METHOD_MATCH = YES;
				COPY_PHASE_STRIP = NO;
				DEBUG_INFORMATION_FORMAT = dwarf;
				ENABLE_STRICT_OBJC_MSGSEND = YES;
				ENABLE_TESTABILITY = YES;
				GCC_C_LANGUAGE_STANDARD = gnu11;
				GCC_DYNAMIC_NO_PIC = NO;
				GCC_NO_COMMON_BLOCKS = YES;
				GCC_OPTIMIZATION_LEVEL = 0;
				GCC_PREPROCESSOR_DEFINITIONS = (
					"DEBUG=1",
					"$(inherited)",
				);
				GCC_WARN_64_TO_32_BIT_CONVERSION = YES;
				GCC_WARN_ABOUT_RETURN_TYPE = YES_ERROR;
				GCC_WARN_UNDECLARED_SELECTOR = YES;
				GCC_WARN_UNINITIALIZED_AUTOS = YES_AGGRESSIVE;
				GCC_WARN_UNUSED_FUNCTION = YES;
				GCC_WARN_UNUSED_VARIABLE = YES;
				IPHONEOS_DEPLOYMENT_TARGET = 13.2;
				MTL_ENABLE_DEBUG_INFO = INCLUDE_SOURCE;
				MTL_FAST_MATH = YES;
				ONLY_ACTIVE_ARCH = YES;
				SDKROOT = iphoneos;
				SWIFT_ACTIVE_COMPILATION_CONDITIONS = DEBUG;
				SWIFT_OPTIMIZATION_LEVEL = "-Onone";
			};
			name = Debug;
		};
		C29699B1244E956600CE191F /* Release */ = {
			isa = XCBuildConfiguration;
			buildSettings = {
				ALWAYS_SEARCH_USER_PATHS = NO;
				CLANG_ANALYZER_NONNULL = YES;
				CLANG_ANALYZER_NUMBER_OBJECT_CONVERSION = YES_AGGRESSIVE;
				CLANG_CXX_LANGUAGE_STANDARD = "gnu++14";
				CLANG_CXX_LIBRARY = "libc++";
				CLANG_ENABLE_MODULES = YES;
				CLANG_ENABLE_OBJC_ARC = YES;
				CLANG_ENABLE_OBJC_WEAK = YES;
				CLANG_WARN_BLOCK_CAPTURE_AUTORELEASING = YES;
				CLANG_WARN_BOOL_CONVERSION = YES;
				CLANG_WARN_COMMA = YES;
				CLANG_WARN_CONSTANT_CONVERSION = YES;
				CLANG_WARN_DEPRECATED_OBJC_IMPLEMENTATIONS = YES;
				CLANG_WARN_DIRECT_OBJC_ISA_USAGE = YES_ERROR;
				CLANG_WARN_DOCUMENTATION_COMMENTS = YES;
				CLANG_WARN_EMPTY_BODY = YES;
				CLANG_WARN_ENUM_CONVERSION = YES;
				CLANG_WARN_INFINITE_RECURSION = YES;
				CLANG_WARN_INT_CONVERSION = YES;
				CLANG_WARN_NON_LITERAL_NULL_CONVERSION = YES;
				CLANG_WARN_OBJC_IMPLICIT_RETAIN_SELF = YES;
				CLANG_WARN_OBJC_LITERAL_CONVERSION = YES;
				CLANG_WARN_OBJC_ROOT_CLASS = YES_ERROR;
				CLANG_WARN_RANGE_LOOP_ANALYSIS = YES;
				CLANG_WARN_STRICT_PROTOTYPES = YES;
				CLANG_WARN_SUSPICIOUS_MOVE = YES;
				CLANG_WARN_UNGUARDED_AVAILABILITY = YES_AGGRESSIVE;
				CLANG_WARN_UNREACHABLE_CODE = YES;
				CLANG_WARN__DUPLICATE_METHOD_MATCH = YES;
				COPY_PHASE_STRIP = NO;
				DEBUG_INFORMATION_FORMAT = "dwarf-with-dsym";
				ENABLE_NS_ASSERTIONS = NO;
				ENABLE_STRICT_OBJC_MSGSEND = YES;
				GCC_C_LANGUAGE_STANDARD = gnu11;
				GCC_NO_COMMON_BLOCKS = YES;
				GCC_WARN_64_TO_32_BIT_CONVERSION = YES;
				GCC_WARN_ABOUT_RETURN_TYPE = YES_ERROR;
				GCC_WARN_UNDECLARED_SELECTOR = YES;
				GCC_WARN_UNINITIALIZED_AUTOS = YES_AGGRESSIVE;
				GCC_WARN_UNUSED_FUNCTION = YES;
				GCC_WARN_UNUSED_VARIABLE = YES;
				IPHONEOS_DEPLOYMENT_TARGET = 13.2;
				MTL_ENABLE_DEBUG_INFO = NO;
				MTL_FAST_MATH = YES;
				SDKROOT = iphoneos;
				SWIFT_COMPILATION_MODE = wholemodule;
				SWIFT_OPTIMIZATION_LEVEL = "-O";
				VALIDATE_PRODUCT = YES;
			};
			name = Release;
		};
		C29699B3244E956600CE191F /* Debug */ = {
			isa = XCBuildConfiguration;
			buildSettings = {
				ASSETCATALOG_COMPILER_APPICON_NAME = AppIcon;
				CODE_SIGN_STYLE = Automatic;
				DEVELOPMENT_TEAM = 7R8M75S4BH;
				INFOPLIST_FILE = SideDish/Info.plist;
				LD_RUNPATH_SEARCH_PATHS = (
					"$(inherited)",
					"@executable_path/Frameworks",
				);
				PRODUCT_BUNDLE_IDENTIFIER = com.seizze.SideDish;
				PRODUCT_NAME = "$(TARGET_NAME)";
				SWIFT_VERSION = 5.0;
				TARGETED_DEVICE_FAMILY = "1,2";
			};
			name = Debug;
		};
		C29699B4244E956600CE191F /* Release */ = {
			isa = XCBuildConfiguration;
			buildSettings = {
				ASSETCATALOG_COMPILER_APPICON_NAME = AppIcon;
				CODE_SIGN_STYLE = Automatic;
				DEVELOPMENT_TEAM = 7R8M75S4BH;
				INFOPLIST_FILE = SideDish/Info.plist;
				LD_RUNPATH_SEARCH_PATHS = (
					"$(inherited)",
					"@executable_path/Frameworks",
				);
				PRODUCT_BUNDLE_IDENTIFIER = com.seizze.SideDish;
				PRODUCT_NAME = "$(TARGET_NAME)";
				SWIFT_VERSION = 5.0;
				TARGETED_DEVICE_FAMILY = "1,2";
			};
			name = Release;
		};
		C29699B6244E956600CE191F /* Debug */ = {
			isa = XCBuildConfiguration;
			buildSettings = {
				ALWAYS_EMBED_SWIFT_STANDARD_LIBRARIES = YES;
				BUNDLE_LOADER = "$(TEST_HOST)";
				CODE_SIGN_STYLE = Automatic;
				DEVELOPMENT_TEAM = 7R8M75S4BH;
				INFOPLIST_FILE = SideDishTests/Info.plist;
				IPHONEOS_DEPLOYMENT_TARGET = 13.2;
				LD_RUNPATH_SEARCH_PATHS = (
					"$(inherited)",
					"@executable_path/Frameworks",
					"@loader_path/Frameworks",
				);
				PRODUCT_BUNDLE_IDENTIFIER = com.seizze.SideDishTests;
				PRODUCT_NAME = "$(TARGET_NAME)";
				SWIFT_VERSION = 5.0;
				TARGETED_DEVICE_FAMILY = "1,2";
				TEST_HOST = "$(BUILT_PRODUCTS_DIR)/SideDish.app/SideDish";
			};
			name = Debug;
		};
		C29699B7244E956600CE191F /* Release */ = {
			isa = XCBuildConfiguration;
			buildSettings = {
				ALWAYS_EMBED_SWIFT_STANDARD_LIBRARIES = YES;
				BUNDLE_LOADER = "$(TEST_HOST)";
				CODE_SIGN_STYLE = Automatic;
				DEVELOPMENT_TEAM = 7R8M75S4BH;
				INFOPLIST_FILE = SideDishTests/Info.plist;
				IPHONEOS_DEPLOYMENT_TARGET = 13.2;
				LD_RUNPATH_SEARCH_PATHS = (
					"$(inherited)",
					"@executable_path/Frameworks",
					"@loader_path/Frameworks",
				);
				PRODUCT_BUNDLE_IDENTIFIER = com.seizze.SideDishTests;
				PRODUCT_NAME = "$(TARGET_NAME)";
				SWIFT_VERSION = 5.0;
				TARGETED_DEVICE_FAMILY = "1,2";
				TEST_HOST = "$(BUILT_PRODUCTS_DIR)/SideDish.app/SideDish";
			};
			name = Release;
		};
/* End XCBuildConfiguration section */

/* Begin XCConfigurationList section */
		C296998E244E956200CE191F /* Build configuration list for PBXProject "SideDish" */ = {
			isa = XCConfigurationList;
			buildConfigurations = (
				C29699B0244E956600CE191F /* Debug */,
				C29699B1244E956600CE191F /* Release */,
			);
			defaultConfigurationIsVisible = 0;
			defaultConfigurationName = Release;
		};
		C29699B2244E956600CE191F /* Build configuration list for PBXNativeTarget "SideDish" */ = {
			isa = XCConfigurationList;
			buildConfigurations = (
				C29699B3244E956600CE191F /* Debug */,
				C29699B4244E956600CE191F /* Release */,
			);
			defaultConfigurationIsVisible = 0;
			defaultConfigurationName = Release;
		};
		C29699B5244E956600CE191F /* Build configuration list for PBXNativeTarget "SideDishTests" */ = {
			isa = XCConfigurationList;
			buildConfigurations = (
				C29699B6244E956600CE191F /* Debug */,
				C29699B7244E956600CE191F /* Release */,
			);
			defaultConfigurationIsVisible = 0;
			defaultConfigurationName = Release;
		};
/* End XCConfigurationList section */
	};
	rootObject = C296998B244E956200CE191F /* Project object */;
}
